
Microsoft Visual Studio Solution File, Format Version 12.00
# Visual Studio Version 16
VisualStudioVersion = 16.0.31702.278
MinimumVisualStudioVersion = 10.0.40219.1
Project("{FAE04EC0-301F-11D3-BF4B-00C04F79EFBC}") = "eTicket", "eTicket.csproj", "{69FF01D8-0300-4FA0-832E-6A94890330E0}"
EndProject
Global
	GlobalSection(SolutionConfigurationPlatforms) = preSolution
		Debug|Any CPU = Debug|Any CPU
		Release|Any CPU = Release|Any CPU
	EndGlobalSection
	GlobalSection(ProjectConfigurationPlatforms) = postSolution
		{69FF01D8-0300-4FA0-832E-6A94890330E0}.Debug|Any CPU.ActiveCfg = Debug|Any CPU
		{69FF01D8-0300-4FA0-832E-6A94890330E0}.Debug|Any CPU.Build.0 = Debug|Any CPU
		{69FF01D8-0300-4FA0-832E-6A94890330E0}.Release|Any CPU.ActiveCfg = Release|Any CPU
		{69FF01D8-0300-4FA0-832E-6A94890330E0}.Release|Any CPU.Build.0 = Release|Any CPU
	EndGlobalSection
	GlobalSection(SolutionProperties) = preSolution
		HideSolutionNode = FALSE
	EndGlobalSection
	GlobalSection(ExtensibilityGlobals) = postSolution
		SolutionGuid = {BF3E8A05-DFE9-468D-AEBF-4FAFA139B4A6}
	EndGlobalSection
EndGlobal
